// !$*UTF8*$!
{
	archiveVersion = 1;
	classes = {
	};
	objectVersion = 46;
	objects = {

/* Begin PBXBuildFile section */
		7D0BADCD1C055C1B004576AF /* AppDelegate.swift in Sources */ = {isa = PBXBuildFile; fileRef = 7D0BADCC1C055C1B004576AF /* AppDelegate.swift */; };
		7D0BADCF1C055C1B004576AF /* ViewController.swift in Sources */ = {isa = PBXBuildFile; fileRef = 7D0BADCE1C055C1B004576AF /* ViewController.swift */; };
		7D0BADD21C055C1B004576AF /* Main.storyboard in Resources */ = {isa = PBXBuildFile; fileRef = 7D0BADD01C055C1B004576AF /* Main.storyboard */; };
		7D0BADD41C055C1B004576AF /* Assets.xcassets in Resources */ = {isa = PBXBuildFile; fileRef = 7D0BADD31C055C1B004576AF /* Assets.xcassets */; };
		7D0BADD71C055C1B004576AF /* LaunchScreen.storyboard in Resources */ = {isa = PBXBuildFile; fileRef = 7D0BADD51C055C1B004576AF /* LaunchScreen.storyboard */; };
		7D0BADDF1C05DDC1004576AF /* DragImg.swift in Sources */ = {isa = PBXBuildFile; fileRef = 7D0BADDE1C05DDC1004576AF /* DragImg.swift */; settings = {ASSET_TAGS = (); }; };
		7D0BADE11C05E23F004576AF /* MonsterImg.swift in Sources */ = {isa = PBXBuildFile; fileRef = 7D0BADE01C05E23F004576AF /* MonsterImg.swift */; settings = {ASSET_TAGS = (); }; };
		7D3CE7EA1C0610F00040BDB6 /* bite.wav in Resources */ = {isa = PBXBuildFile; fileRef = 7D3CE7E51C0610F00040BDB6 /* bite.wav */; settings = {ASSET_TAGS = (); }; };
		7D3CE7EB1C0610F00040BDB6 /* cave-music.mp3 in Resources */ = {isa = PBXBuildFile; fileRef = 7D3CE7E61C0610F00040BDB6 /* cave-music.mp3 */; settings = {ASSET_TAGS = (); }; };
		7D3CE7EC1C0610F00040BDB6 /* death.wav in Resources */ = {isa = PBXBuildFile; fileRef = 7D3CE7E71C0610F00040BDB6 /* death.wav */; settings = {ASSET_TAGS = (); }; };
		7D3CE7ED1C0610F00040BDB6 /* heart.wav in Resources */ = {isa = PBXBuildFile; fileRef = 7D3CE7E81C0610F00040BDB6 /* heart.wav */; settings = {ASSET_TAGS = (); }; };
		7D3CE7EE1C0610F00040BDB6 /* skull.wav in Resources */ = {isa = PBXBuildFile; fileRef = 7D3CE7E91C0610F00040BDB6 /* skull.wav */; settings = {ASSET_TAGS = (); }; };
/* End PBXBuildFile section */

/* Begin PBXFileReference section */
		7D0BADC91C055C1B004576AF /* MyLittleMonster.app */ = {isa = PBXFileReference; explicitFileType = wrapper.application; includeInIndex = 0; path = MyLittleMonster.app; sourceTree = BUILT_PRODUCTS_DIR; };
		7D0BADCC1C055C1B004576AF /* AppDelegate.swift */ = {isa = PBXFileReference; lastKnownFileType = sourcecode.swift; path = AppDelegate.swift; sourceTree = "<group>"; };
		7D0BADCE1C055C1B004576AF /* ViewController.swift */ = {isa = PBXFileReference; lastKnownFileType = sourcecode.swift; path = ViewController.swift; sourceTree = "<group>"; };
		7D0BADD11C055C1B004576AF /* Base */ = {isa = PBXFileReference; lastKnownFileType = file.storyboard; name = Base; path = Base.lproj/Main.storyboard; sourceTree = "<group>"; };
		7D0BADD31C055C1B004576AF /* Assets.xcassets */ = {isa = PBXFileReference; lastKnownFileType = folder.assetcatalog; path = Assets.xcassets; sourceTree = "<group>"; };
		7D0BADD61C055C1B004576AF /* Base */ = {isa = PBXFileReference; lastKnownFileType = file.storyboard; name = Base; path = Base.lproj/LaunchScreen.storyboard; sourceTree = "<group>"; };
		7D0BADD81C055C1B004576AF /* Info.plist */ = {isa = PBXFileReference; lastKnownFileType = text.plist.xml; path = Info.plist; sourceTree = "<group>"; };
		7D0BADDE1C05DDC1004576AF /* DragImg.swift */ = {isa = PBXFileReference; fileEncoding = 4; lastKnownFileType = sourcecode.swift; path = DragImg.swift; sourceTree = "<group>"; };
		7D0BADE01C05E23F004576AF /* MonsterImg.swift */ = {isa = PBXFileReference; fileEncoding = 4; lastKnownFileType = sourcecode.swift; path = MonsterImg.swift; sourceTree = "<group>"; };
		7D3CE7E51C0610F00040BDB6 /* bite.wav */ = {isa = PBXFileReference; lastKnownFileType = audio.wav; path = bite.wav; sourceTree = "<group>"; };
		7D3CE7E61C0610F00040BDB6 /* cave-music.mp3 */ = {isa = PBXFileReference; lastKnownFileType = audio.mp3; path = "cave-music.mp3"; sourceTree = "<group>"; };
		7D3CE7E71C0610F00040BDB6 /* death.wav */ = {isa = PBXFileReference; lastKnownFileType = audio.wav; path = death.wav; sourceTree = "<group>"; };
		7D3CE7E81C0610F00040BDB6 /* heart.wav */ = {isa = PBXFileReference; lastKnownFileType = audio.wav; path = heart.wav; sourceTree = "<group>"; };
		7D3CE7E91C0610F00040BDB6 /* skull.wav */ = {isa = PBXFileReference; lastKnownFileType = audio.wav; path = skull.wav; sourceTree = "<group>"; };
/* End PBXFileReference section */

/* Begin PBXFrameworksBuildPhase section */
		7D0BADC61C055C1B004576AF /* Frameworks */ = {
			isa = PBXFrameworksBuildPhase;
			buildActionMask = 2147483647;
			files = (
			);
			runOnlyForDeploymentPostprocessing = 0;
		};
/* End PBXFrameworksBuildPhase section */

/* Begin PBXGroup section */
		7D0BADC01C055C1B004576AF = {
			isa = PBXGroup;
			children = (
				7D0BADCB1C055C1B004576AF /* MyLittleMonster */,
				7D0BADCA1C055C1B004576AF /* Products */,
			);
			sourceTree = "<group>";
		};
		7D0BADCA1C055C1B004576AF /* Products */ = {
			isa = PBXGroup;
			children = (
				7D0BADC91C055C1B004576AF /* MyLittleMonster.app */,
			);
			name = Products;
			sourceTree = "<group>";
		};
		7D0BADCB1C055C1B004576AF /* MyLittleMonster */ = {
			isa = PBXGroup;
			children = (
				7D3CE7E51C0610F00040BDB6 /* bite.wav */,
				7D3CE7E61C0610F00040BDB6 /* cave-music.mp3 */,
				7D3CE7E71C0610F00040BDB6 /* death.wav */,
				7D3CE7E81C0610F00040BDB6 /* heart.wav */,
				7D3CE7E91C0610F00040BDB6 /* skull.wav */,
				7D0BADCC1C055C1B004576AF /* AppDelegate.swift */,
				7D0BADCE1C055C1B004576AF /* ViewController.swift */,
				7D0BADDE1C05DDC1004576AF /* DragImg.swift */,
				7D0BADD01C055C1B004576AF /* Main.storyboard */,
				7D0BADD31C055C1B004576AF /* Assets.xcassets */,
				7D0BADD51C055C1B004576AF /* LaunchScreen.storyboard */,
				7D0BADD81C055C1B004576AF /* Info.plist */,
				7D0BADE01C05E23F004576AF /* MonsterImg.swift */,
			);
			path = MyLittleMonster;
			sourceTree = "<group>";
		};
/* End PBXGroup section */

/* Begin PBXNativeTarget section */
		7D0BADC81C055C1B004576AF /* MyLittleMonster */ = {
			isa = PBXNativeTarget;
			buildConfigurationList = 7D0BADDB1C055C1B004576AF /* Build configuration list for PBXNativeTarget "MyLittleMonster" */;
			buildPhases = (
				7D0BADC51C055C1B004576AF /* Sources */,
				7D0BADC61C055C1B004576AF /* Frameworks */,
				7D0BADC71C055C1B004576AF /* Resources */,
			);
			buildRules = (
			);
			dependencies = (
			);
			name = MyLittleMonster;
			productName = MyLittleMonster;
			productReference = 7D0BADC91C055C1B004576AF /* MyLittleMonster.app */;
			productType = "com.apple.product-type.application";
		};
/* End PBXNativeTarget section */

/* Begin PBXProject section */
		7D0BADC11C055C1B004576AF /* Project object */ = {
			isa = PBXProject;
			attributes = {
				LastUpgradeCheck = 0700;
				ORGANIZATIONNAME = "Ramon Lopez";
				TargetAttributes = {
					7D0BADC81C055C1B004576AF = {
						CreatedOnToolsVersion = 7.0.1;
					};
				};
			};
			buildConfigurationList = 7D0BADC41C055C1B004576AF /* Build configuration list for PBXProject "MyLittleMonster" */;
			compatibilityVersion = "Xcode 3.2";
			developmentRegion = English;
			hasScannedForEncodings = 0;
			knownRegions = (
				en,
				Base,
			);
			mainGroup = 7D0BADC01C055C1B004576AF;
			productRefGroup = 7D0BADCA1C055C1B004576AF /* Products */;
			projectDirPath = "";
			projectRoot = "";
			targets = (
				7D0BADC81C055C1B004576AF /* MyLittleMonster */,
			);
		};
/* End PBXProject section */

/* Begin PBXResourcesBuildPhase section */
		7D0BADC71C055C1B004576AF /* Resources */ = {
			isa = PBXResourcesBuildPhase;
			buildActionMask = 2147483647;
			files = (
				7D3CE7EE1C0610F00040BDB6 /* skull.wav in Resources */,
				7D3CE7EA1C0610F00040BDB6 /* bite.wav in Resources */,
				7D3CE7EC1C0610F00040BDB6 /* death.wav in Resources */,
				7D3CE7ED1C0610F00040BDB6 /* heart.wav in Resources */,
				7D3CE7EB1C0610F00040BDB6 /* cave-music.mp3 in Resources */,
				7D0BADD71C055C1B004576AF /* LaunchScreen.storyboard in Resources */,
				7D0BADD41C055C1B004576AF /* Assets.xcassets in Resources */,
				7D0BADD21C055C1B004576AF /* Main.storyboard in Resources */,
			);
			runOnlyForDeploymentPostprocessing = 0;
		};
/* End PBXResourcesBuildPhase section */

/* Begin PBXSourcesBuildPhase section */
		7D0BADC51C055C1B004576AF /* Sources */ = {
			isa = PBXSourcesBuildPhase;
			buildActionMask = 2147483647;
			files = (
				7D0BADE11C05E23F004576AF /* MonsterImg.swift in Sources */,
				7D0BADDF1C05DDC1004576AF /* DragImg.swift in Sources */,
				7D0BADCF1C055C1B004576AF /* ViewController.swift in Sources */,
				7D0BADCD1C055C1B004576AF /* AppDelegate.swift in Sources */,
			);
			runOnlyForDeploymentPostprocessing = 0;
		};
/* End PBXSourcesBuildPhase section */

/* Begin PBXVariantGroup section */
		7D0BADD01C055C1B004576AF /* Main.storyboard */ = {
			isa = PBXVariantGroup;
			children = (
				7D0BADD11C055C1B004576AF /* Base */,
			);
			name = Main.storyboard;
			sourceTree = "<group>";
		};
		7D0BADD51C055C1B004576AF /* LaunchScreen.storyboard */ = {
			isa = PBXVariantGroup;
			children = (
				7D0BADD61C055C1B004576AF /* Base */,
			);
			name = LaunchScreen.storyboard;
			sourceTree = "<group>";
		};
/* End PBXVariantGroup section */

/* Begin XCBuildConfiguration section */
		7D0BADD91C055C1B004576AF /* Debug */ = {
			isa = XCBuildConfiguration;
			buildSettings = {
				ALWAYS_SEARCH_USER_PATHS = NO;
				CLANG_CXX_LANGUAGE_STANDARD = "gnu++0x";
				CLANG_CXX_LIBRARY = "libc++";
				CLANG_ENABLE_MODULES = YES;
				CLANG_ENABLE_OBJC_ARC = YES;
				CLANG_WARN_BOOL_CONVERSION = YES;
				CLANG_WARN_CONSTANT_CONVERSION = YES;
				CLANG_WARN_DIRECT_OBJC_ISA_USAGE = YES_ERROR;
				CLANG_WARN_EMPTY_BODY = YES;
				CLANG_WARN_ENUM_CONVERSION = YES;
				CLANG_WARN_INT_CONVERSION = YES;
				CLANG_WARN_OBJC_ROOT_CLASS = YES_ERROR;
				CLANG_WARN_UNREACHABLE_CODE = YES;
				CLANG_WARN__DUPLICATE_METHOD_MATCH = YES;
				"CODE_SIGN_IDENTITY[sdk=iphoneos*]" = "iPhone Developer";
				COPY_PHASE_STRIP = NO;
				DEBUG_INFORMATION_FORMAT = dwarf;
				ENABLE_STRICT_OBJC_MSGSEND = YES;
				ENABLE_TESTABILITY = YES;
				GCC_C_LANGUAGE_STANDARD = gnu99;
				GCC_DYNAMIC_NO_PIC = NO;
				GCC_NO_COMMON_BLOCKS = YES;
				GCC_OPTIMIZATION_LEVEL = 0;
				GCC_PREPROCESSOR_DEFINITIONS = (
					"DEBUG=1",
					"$(inherited)",
				);
				GCC_WARN_64_TO_32_BIT_CONVERSION = YES;
				GCC_WARN_ABOUT_RETURN_TYPE = YES_ERROR;
				GCC_WARN_UNDECLARED_SELECTOR = YES;
				GCC_WARN_UNINITIALIZED_AUTOS = YES_AGGRESSIVE;
				GCC_WARN_UNUSED_FUNCTION = YES;
				GCC_WARN_UNUSED_VARIABLE = YES;
				IPHONEOS_DEPLOYMENT_TARGET = 9.0;
				MTL_ENABLE_DEBUG_INFO = YES;
				ONLY_ACTIVE_ARCH = YES;
				SDKROOT = iphoneos;
				SWIFT_OPTIMIZATION_LEVEL = "-Onone";
			};
			name = Debug;
		};
		7D0BADDA1C055C1B004576AF /* Release */ = {
			isa = XCBuildConfiguration;
			buildSettings = {
				ALWAYS_SEARCH_USER_PATHS = NO;
				CLANG_CXX_LANGUAGE_STANDARD = "gnu++0x";
				CLANG_CXX_LIBRARY = "libc++";
				CLANG_ENABLE_MODULES = YES;
				CLANG_ENABLE_OBJC_ARC = YES;
				CLANG_WARN_BOOL_CONVERSION = YES;
				CLANG_WARN_CONSTANT_CONVERSION = YES;
				CLANG_WARN_DIRECT_OBJC_ISA_USAGE = YES_ERROR;
				CLANG_WARN_EMPTY_BODY = YES;
				CLANG_WARN_ENUM_CONVERSION = YES;
				CLANG_WARN_INT_CONVERSION = YES;
				CLANG_WARN_OBJC_ROOT_CLASS = YES_ERROR;
				CLANG_WARN_UNREACHABLE_CODE = YES;
				CLANG_WARN__DUPLICATE_METHOD_MATCH = YES;
				"CODE_SIGN_IDENTITY[sdk=iphoneos*]" = "iPhone Developer";
				COPY_PHASE_STRIP = NO;
				DEBUG_INFORMATION_FORMAT = "dwarf-with-dsym";
				ENABLE_NS_ASSERTIONS = NO;
				ENABLE_STRICT_OBJC_MSGSEND = YES;
				GCC_C_LANGUAGE_STANDARD = gnu99;
				GCC_NO_COMMON_BLOCKS = YES;
				GCC_WARN_64_TO_32_BIT_CONVERSION = YES;
				GCC_WARN_ABOUT_RETURN_TYPE = YES_ERROR;
				GCC_WARN_UNDECLARED_SELECTOR = YES;
				GCC_WARN_UNINITIALIZED_AUTOS = YES_AGGRESSIVE;
				GCC_WARN_UNUSED_FUNCTION = YES;
				GCC_WARN_UNUSED_VARIABLE = YES;
				IPHONEOS_DEPLOYMENT_TARGET = 9.0;
				MTL_ENABLE_DEBUG_INFO = NO;
				SDKROOT = iphoneos;
				VALIDATE_PRODUCT = YES;
			};
			name = Release;
		};
		7D0BADDC1C055C1B004576AF /* Debug */ = {
			isa = XCBuildConfiguration;
			buildSettings = {
				ASSETCATALOG_COMPILER_APPICON_NAME = AppIcon;
				INFOPLIST_FILE = MyLittleMonster/Info.plist;
				LD_RUNPATH_SEARCH_PATHS = "$(inherited) @executable_path/Frameworks";
				PRODUCT_BUNDLE_IDENTIFIER = start.MyLittleMonster;
				PRODUCT_NAME = "$(TARGET_NAME)";
				TARGETED_DEVICE_FAMILY = "1,2";
			};
			name = Debug;
		};
		7D0BADDD1C055C1B004576AF /* Release */ = {
			isa = XCBuildConfiguration;
			buildSettings = {
				ASSETCATALOG_COMPILER_APPICON_NAME = AppIcon;
				INFOPLIST_FILE = MyLittleMonster/Info.plist;
				LD_RUNPATH_SEARCH_PATHS = "$(inherited) @executable_path/Frameworks";
				PRODUCT_BUNDLE_IDENTIFIER = start.MyLittleMonster;
				PRODUCT_NAME = "$(TARGET_NAME)";
				TARGETED_DEVICE_FAMILY = "1,2";
			};
			name = Release;
		};
/* End XCBuildConfiguration section */

/* Begin XCConfigurationList section */
		7D0BADC41C055C1B004576AF /* Build configuration list for PBXProject "MyLittleMonster" */ = {
			isa = XCConfigurationList;
			buildConfigurations = (
				7D0BADD91C055C1B004576AF /* Debug */,
				7D0BADDA1C055C1B004576AF /* Release */,
			);
			defaultConfigurationIsVisible = 0;
			defaultConfigurationName = Release;
		};
		7D0BADDB1C055C1B004576AF /* Build configuration list for PBXNativeTarget "MyLittleMonster" */ = {
			isa = XCConfigurationList;
			buildConfigurations = (
				7D0BADDC1C055C1B004576AF /* Debug */,
				7D0BADDD1C055C1B004576AF /* Release */,
			);
			defaultConfigurationIsVisible = 0;
			defaultConfigurationName = Release;
		};
/* End XCConfigurationList section */
	};
	rootObject = 7D0BADC11C055C1B004576AF /* Project object */;
}
